
Microsoft Visual Studio Solution File, Format Version 12.00
# Visual Studio Version 16
VisualStudioVersion = 16.0.30330.147
MinimumVisualStudioVersion = 10.0.40219.1
Project("{8BC9CEB8-8B4A-11D0-8D11-00A0C91BC942}") = "Project16", "Project16\Project16.vcxproj", "{080DB601-A0B4-4623-B5D8-91E078F6C28F}"
EndProject
Global
	GlobalSection(SolutionConfigurationPlatforms) = preSolution
		Debug|x64 = Debug|x64
		Debug|x86 = Debug|x86
		Release|x64 = Release|x64
		Release|x86 = Release|x86
	EndGlobalSection
	GlobalSection(ProjectConfigurationPlatforms) = postSolution
		{080DB601-A0B4-4623-B5D8-91E078F6C28F}.Debug|x64.ActiveCfg = Debug|x64
		{080DB601-A0B4-4623-B5D8-91E078F6C28F}.Debug|x64.Build.0 = Debug|x64
		{080DB601-A0B4-4623-B5D8-91E078F6C28F}.Debug|x86.ActiveCfg = Debug|Win32
		{080DB601-A0B4-4623-B5D8-91E078F6C28F}.Debug|x86.Build.0 = Debug|Win32
		{080DB601-A0B4-4623-B5D8-91E078F6C28F}.Release|x64.ActiveCfg = Release|x64
		{080DB601-A0B4-4623-B5D8-91E078F6C28F}.Release|x64.Build.0 = Release|x64
		{080DB601-A0B4-4623-B5D8-91E078F6C28F}.Release|x86.ActiveCfg = Release|Win32
		{080DB601-A0B4-4623-B5D8-91E078F6C28F}.Release|x86.Build.0 = Release|Win32
	EndGlobalSection
	GlobalSection(SolutionProperties) = preSolution
		HideSolutionNode = FALSE
	EndGlobalSection
	GlobalSection(ExtensibilityGlobals) = postSolution
		SolutionGuid = {9B0CD040-8FF5-4A42-A2EF-29E0F3AA1863}
	EndGlobalSection
EndGlobal
